
Microsoft Visual Studio Solution File, Format Version 12.00
# Visual Studio Version 16
VisualStudioVersion = 16.0.29911.84
MinimumVisualStudioVersion = 10.0.40219.1
Project("{FAE04EC0-301F-11D3-BF4B-00C04F79EFBC}") = "SA2 Save Converter", "SA2 Save Converter.csproj", "{F19C16EE-9930-4BC4-951D-1BDA800825F9}"
EndProject
Global
	GlobalSection(SolutionConfigurationPlatforms) = preSolution
		Debug|Any CPU = Debug|Any CPU
		Release|Any CPU = Release|Any CPU
	EndGlobalSection
	GlobalSection(ProjectConfigurationPlatforms) = postSolution
		{F19C16EE-9930-4BC4-951D-1BDA800825F9}.Debug|Any CPU.ActiveCfg = Debug|Any CPU
		{F19C16EE-9930-4BC4-951D-1BDA800825F9}.Debug|Any CPU.Build.0 = Debug|Any CPU
		{F19C16EE-9930-4BC4-951D-1BDA800825F9}.Release|Any CPU.ActiveCfg = Release|Any CPU
		{F19C16EE-9930-4BC4-951D-1BDA800825F9}.Release|Any CPU.Build.0 = Release|Any CPU
	EndGlobalSection
	GlobalSection(SolutionProperties) = preSolution
		HideSolutionNode = FALSE
	EndGlobalSection
	GlobalSection(ExtensibilityGlobals) = postSolution
		SolutionGuid = {A43F08C6-EE78-411A-A16A-843DA2169CDA}
	EndGlobalSection
EndGlobal
